
Microsoft Visual Studio Solution File, Format Version 12.00
# Visual Studio 2013
VisualStudioVersion = 12.0.30501.0
MinimumVisualStudioVersion = 10.0.40219.1
Project("{F2A71F9B-5D33-465A-A702-920D77279786}") = "Composition", "Composition\Composition\Composition.fsproj", "{8EDED640-974A-4080-9A95-C611FFBB2ACC}"
EndProject
Project("{F2A71F9B-5D33-465A-A702-920D77279786}") = "DeclaringFunctionsAndLambdaExpressions", "DeclaringFunctionsAndLambdaExpressions\DeclaringFunctionsAndLambdaExpressions\DeclaringFunctionsAndLambdaExpressions.fsproj", "{BB40795C-8CCA-4170-B98C-E3694379D28A}"
EndProject
Project("{F2A71F9B-5D33-465A-A702-920D77279786}") = "DiscriminatedUnions", "DiscriminatedUnions\DiscriminatedUnions\DiscriminatedUnions.fsproj", "{7F5E412E-60E0-4345-8504-36C89A1C1200}"
EndProject
Project("{F2A71F9B-5D33-465A-A702-920D77279786}") = "Hello", "Hello\Hello\Hello.fsproj", "{A4D067F6-11FE-4BFE-BABA-5FAF06617A5B}"
EndProject
Project("{F2A71F9B-5D33-465A-A702-920D77279786}") = "HelloWinForms", "HelloWinForms\HelloWinForms\HelloWinForms.fsproj", "{1ECBAB04-7C7B-43DD-AEB2-5784F77744AB}"
EndProject
Project("{F2A71F9B-5D33-465A-A702-920D77279786}") = "HelloWPF", "HelloWPF\HelloWPF\HelloWPF.fsproj", "{DC09A844-1D58-45F5-92B5-C4E84FD6038A}"
EndProject
Project("{F2A71F9B-5D33-465A-A702-920D77279786}") = "ListAndSequenceComprehension", "ListAndSequenceComprehension\ListAndSequenceComprehension\ListAndSequenceComprehension.fsproj", "{CD234FB5-9922-4A9C-B58F-662041DE9B3A}"
EndProject
Project("{F2A71F9B-5D33-465A-A702-920D77279786}") = "Lists", "Lists\Lists\Lists.fsproj", "{D58B286A-39BA-492B-8479-C93777426D78}"
EndProject
Project("{F2A71F9B-5D33-465A-A702-920D77279786}") = "Modularization", "Modularization\Modularization\Modularization.fsproj", "{CBE92DF4-24F1-4DBD-8495-05906D3C8CCF}"
EndProject
Project("{F2A71F9B-5D33-465A-A702-920D77279786}") = "Modularization.Tests", "Modularization\Modularization.Tests\Modularization.Tests.fsproj", "{C5C4CE7E-84A4-4DF5-AFC6-2DA10D3602C1}"
EndProject
Project("{F2A71F9B-5D33-465A-A702-920D77279786}") = "Options", "Options\Options\Options.fsproj", "{74374DD2-B931-47A6-82A8-21F30CCF3F24}"
EndProject
Project("{F2A71F9B-5D33-465A-A702-920D77279786}") = "PartialApplication", "PartialApplication\PartialApplication\PartialApplication.fsproj", "{ED7A5AAE-EEB2-417C-9778-2A0A96446627}"
EndProject
Project("{F2A71F9B-5D33-465A-A702-920D77279786}") = "Precomputation", "Precomputation\Precomputation\Precomputation.fsproj", "{9FF19D26-0BF1-43EC-840D-B5341ACBCBF3}"
EndProject
Project("{F2A71F9B-5D33-465A-A702-920D77279786}") = "RecordTypes", "RecordTypes\RecordTypes\RecordTypes.fsproj", "{CC9A819C-C3B6-4E53-B7DC-72DCBDE71672}"
EndProject
Project("{F2A71F9B-5D33-465A-A702-920D77279786}") = "Recursion", "Recursion\Recursion\Recursion.fsproj", "{211A4C76-42A7-4AE8-A445-D85D5DDFDBC9}"
EndProject
Project("{F2A71F9B-5D33-465A-A702-920D77279786}") = "SimpleAlgorithms", "SimpleAlgorithms\SimpleAlgorithms\SimpleAlgorithms.fsproj", "{34CE5F1C-6064-4D5E-AEEA-DA7B866EFDDF}"
EndProject
Project("{F2A71F9B-5D33-465A-A702-920D77279786}") = "SimpleClassesAndEnums", "SimpleClassesAndEnums\SimpleClassesAndEnums\SimpleClassesAndEnums.fsproj", "{32BEF321-B486-4CFA-97D1-933944156EB6}"
EndProject
Project("{F2A71F9B-5D33-465A-A702-920D77279786}") = "SimpleFunctions", "SimpleFunctions\SimpleFunctions\SimpleFunctions.fsproj", "{7E48BA2B-61FF-480B-8610-79B3F50E9E3A}"
EndProject
Project("{F2A71F9B-5D33-465A-A702-920D77279786}") = "Tuples", "Tuples\Tuples\Tuples.fsproj", "{D7891C31-42C2-476B-8361-C60885E84527}"
EndProject
Global
	GlobalSection(SolutionConfigurationPlatforms) = preSolution
		Debug|Any CPU = Debug|Any CPU
		Release|Any CPU = Release|Any CPU
	EndGlobalSection
	GlobalSection(ProjectConfigurationPlatforms) = postSolution
		{8EDED640-974A-4080-9A95-C611FFBB2ACC}.Debug|Any CPU.ActiveCfg = Debug|Any CPU
		{8EDED640-974A-4080-9A95-C611FFBB2ACC}.Debug|Any CPU.Build.0 = Debug|Any CPU
		{8EDED640-974A-4080-9A95-C611FFBB2ACC}.Release|Any CPU.ActiveCfg = Release|Any CPU
		{8EDED640-974A-4080-9A95-C611FFBB2ACC}.Release|Any CPU.Build.0 = Release|Any CPU
		{BB40795C-8CCA-4170-B98C-E3694379D28A}.Debug|Any CPU.ActiveCfg = Debug|Any CPU
		{BB40795C-8CCA-4170-B98C-E3694379D28A}.Debug|Any CPU.Build.0 = Debug|Any CPU
		{BB40795C-8CCA-4170-B98C-E3694379D28A}.Release|Any CPU.ActiveCfg = Release|Any CPU
		{BB40795C-8CCA-4170-B98C-E3694379D28A}.Release|Any CPU.Build.0 = Release|Any CPU
		{7F5E412E-60E0-4345-8504-36C89A1C1200}.Debug|Any CPU.ActiveCfg = Debug|Any CPU
		{7F5E412E-60E0-4345-8504-36C89A1C1200}.Debug|Any CPU.Build.0 = Debug|Any CPU
		{7F5E412E-60E0-4345-8504-36C89A1C1200}.Release|Any CPU.ActiveCfg = Release|Any CPU
		{7F5E412E-60E0-4345-8504-36C89A1C1200}.Release|Any CPU.Build.0 = Release|Any CPU
		{A4D067F6-11FE-4BFE-BABA-5FAF06617A5B}.Debug|Any CPU.ActiveCfg = Debug|Any CPU
		{A4D067F6-11FE-4BFE-BABA-5FAF06617A5B}.Debug|Any CPU.Build.0 = Debug|Any CPU
		{A4D067F6-11FE-4BFE-BABA-5FAF06617A5B}.Release|Any CPU.ActiveCfg = Release|Any CPU
		{A4D067F6-11FE-4BFE-BABA-5FAF06617A5B}.Release|Any CPU.Build.0 = Release|Any CPU
		{1ECBAB04-7C7B-43DD-AEB2-5784F77744AB}.Debug|Any CPU.ActiveCfg = Debug|Any CPU
		{1ECBAB04-7C7B-43DD-AEB2-5784F77744AB}.Debug|Any CPU.Build.0 = Debug|Any CPU
		{1ECBAB04-7C7B-43DD-AEB2-5784F77744AB}.Release|Any CPU.ActiveCfg = Release|Any CPU
		{1ECBAB04-7C7B-43DD-AEB2-5784F77744AB}.Release|Any CPU.Build.0 = Release|Any CPU
		{DC09A844-1D58-45F5-92B5-C4E84FD6038A}.Debug|Any CPU.ActiveCfg = Debug|Any CPU
		{DC09A844-1D58-45F5-92B5-C4E84FD6038A}.Debug|Any CPU.Build.0 = Debug|Any CPU
		{DC09A844-1D58-45F5-92B5-C4E84FD6038A}.Release|Any CPU.ActiveCfg = Release|Any CPU
		{DC09A844-1D58-45F5-92B5-C4E84FD6038A}.Release|Any CPU.Build.0 = Release|Any CPU
		{CD234FB5-9922-4A9C-B58F-662041DE9B3A}.Debug|Any CPU.ActiveCfg = Debug|Any CPU
		{CD234FB5-9922-4A9C-B58F-662041DE9B3A}.Debug|Any CPU.Build.0 = Debug|Any CPU
		{CD234FB5-9922-4A9C-B58F-662041DE9B3A}.Release|Any CPU.ActiveCfg = Release|Any CPU
		{CD234FB5-9922-4A9C-B58F-662041DE9B3A}.Release|Any CPU.Build.0 = Release|Any CPU
		{D58B286A-39BA-492B-8479-C93777426D78}.Debug|Any CPU.ActiveCfg = Debug|Any CPU
		{D58B286A-39BA-492B-8479-C93777426D78}.Debug|Any CPU.Build.0 = Debug|Any CPU
		{D58B286A-39BA-492B-8479-C93777426D78}.Release|Any CPU.ActiveCfg = Release|Any CPU
		{D58B286A-39BA-492B-8479-C93777426D78}.Release|Any CPU.Build.0 = Release|Any CPU
		{CBE92DF4-24F1-4DBD-8495-05906D3C8CCF}.Debug|Any CPU.ActiveCfg = Debug|Any CPU
		{CBE92DF4-24F1-4DBD-8495-05906D3C8CCF}.Debug|Any CPU.Build.0 = Debug|Any CPU
		{CBE92DF4-24F1-4DBD-8495-05906D3C8CCF}.Release|Any CPU.ActiveCfg = Release|Any CPU
		{CBE92DF4-24F1-4DBD-8495-05906D3C8CCF}.Release|Any CPU.Build.0 = Release|Any CPU
		{C5C4CE7E-84A4-4DF5-AFC6-2DA10D3602C1}.Debug|Any CPU.ActiveCfg = Debug|Any CPU
		{C5C4CE7E-84A4-4DF5-AFC6-2DA10D3602C1}.Debug|Any CPU.Build.0 = Debug|Any CPU
		{C5C4CE7E-84A4-4DF5-AFC6-2DA10D3602C1}.Release|Any CPU.ActiveCfg = Release|Any CPU
		{C5C4CE7E-84A4-4DF5-AFC6-2DA10D3602C1}.Release|Any CPU.Build.0 = Release|Any CPU
		{74374DD2-B931-47A6-82A8-21F30CCF3F24}.Debug|Any CPU.ActiveCfg = Debug|Any CPU
		{74374DD2-B931-47A6-82A8-21F30CCF3F24}.Debug|Any CPU.Build.0 = Debug|Any CPU
		{74374DD2-B931-47A6-82A8-21F30CCF3F24}.Release|Any CPU.ActiveCfg = Release|Any CPU
		{74374DD2-B931-47A6-82A8-21F30CCF3F24}.Release|Any CPU.Build.0 = Release|Any CPU
		{ED7A5AAE-EEB2-417C-9778-2A0A96446627}.Debug|Any CPU.ActiveCfg = Debug|Any CPU
		{ED7A5AAE-EEB2-417C-9778-2A0A96446627}.Debug|Any CPU.Build.0 = Debug|Any CPU
		{ED7A5AAE-EEB2-417C-9778-2A0A96446627}.Release|Any CPU.ActiveCfg = Release|Any CPU
		{ED7A5AAE-EEB2-417C-9778-2A0A96446627}.Release|Any CPU.Build.0 = Release|Any CPU
		{9FF19D26-0BF1-43EC-840D-B5341ACBCBF3}.Debug|Any CPU.ActiveCfg = Debug|Any CPU
		{9FF19D26-0BF1-43EC-840D-B5341ACBCBF3}.Debug|Any CPU.Build.0 = Debug|Any CPU
		{9FF19D26-0BF1-43EC-840D-B5341ACBCBF3}.Release|Any CPU.ActiveCfg = Release|Any CPU
		{9FF19D26-0BF1-43EC-840D-B5341ACBCBF3}.Release|Any CPU.Build.0 = Release|Any CPU
		{CC9A819C-C3B6-4E53-B7DC-72DCBDE71672}.Debug|Any CPU.ActiveCfg = Debug|Any CPU
		{CC9A819C-C3B6-4E53-B7DC-72DCBDE71672}.Debug|Any CPU.Build.0 = Debug|Any CPU
		{CC9A819C-C3B6-4E53-B7DC-72DCBDE71672}.Release|Any CPU.ActiveCfg = Release|Any CPU
		{CC9A819C-C3B6-4E53-B7DC-72DCBDE71672}.Release|Any CPU.Build.0 = Release|Any CPU
		{211A4C76-42A7-4AE8-A445-D85D5DDFDBC9}.Debug|Any CPU.ActiveCfg = Debug|Any CPU
		{211A4C76-42A7-4AE8-A445-D85D5DDFDBC9}.Debug|Any CPU.Build.0 = Debug|Any CPU
		{211A4C76-42A7-4AE8-A445-D85D5DDFDBC9}.Release|Any CPU.ActiveCfg = Release|Any CPU
		{211A4C76-42A7-4AE8-A445-D85D5DDFDBC9}.Release|Any CPU.Build.0 = Release|Any CPU
		{34CE5F1C-6064-4D5E-AEEA-DA7B866EFDDF}.Debug|Any CPU.ActiveCfg = Debug|Any CPU
		{34CE5F1C-6064-4D5E-AEEA-DA7B866EFDDF}.Debug|Any CPU.Build.0 = Debug|Any CPU
		{34CE5F1C-6064-4D5E-AEEA-DA7B866EFDDF}.Release|Any CPU.ActiveCfg = Release|Any CPU
		{34CE5F1C-6064-4D5E-AEEA-DA7B866EFDDF}.Release|Any CPU.Build.0 = Release|Any CPU
		{32BEF321-B486-4CFA-97D1-933944156EB6}.Debug|Any CPU.ActiveCfg = Debug|Any CPU
		{32BEF321-B486-4CFA-97D1-933944156EB6}.Debug|Any CPU.Build.0 = Debug|Any CPU
		{32BEF321-B486-4CFA-97D1-933944156EB6}.Release|Any CPU.ActiveCfg = Release|Any CPU
		{32BEF321-B486-4CFA-97D1-933944156EB6}.Release|Any CPU.Build.0 = Release|Any CPU
		{7E48BA2B-61FF-480B-8610-79B3F50E9E3A}.Debug|Any CPU.ActiveCfg = Debug|Any CPU
		{7E48BA2B-61FF-480B-8610-79B3F50E9E3A}.Debug|Any CPU.Build.0 = Debug|Any CPU
		{7E48BA2B-61FF-480B-8610-79B3F50E9E3A}.Release|Any CPU.ActiveCfg = Release|Any CPU
		{7E48BA2B-61FF-480B-8610-79B3F50E9E3A}.Release|Any CPU.Build.0 = Release|Any CPU
		{D7891C31-42C2-476B-8361-C60885E84527}.Debug|Any CPU.ActiveCfg = Debug|Any CPU
		{D7891C31-42C2-476B-8361-C60885E84527}.Debug|Any CPU.Build.0 = Debug|Any CPU
		{D7891C31-42C2-476B-8361-C60885E84527}.Release|Any CPU.ActiveCfg = Release|Any CPU
		{D7891C31-42C2-476B-8361-C60885E84527}.Release|Any CPU.Build.0 = Release|Any CPU
	EndGlobalSection
	GlobalSection(SolutionProperties) = preSolution
		HideSolutionNode = FALSE
	EndGlobalSection
EndGlobal
