
Microsoft Visual Studio Solution File, Format Version 12.00
# Visual Studio 2013
VisualStudioVersion = 12.0.30501.0
MinimumVisualStudioVersion = 10.0.40219.1
Project("{F2A71F9B-5D33-465A-A702-920D77279786}") = "Tuples", "Tuples\Tuples.fsproj", "{D7891C31-42C2-476B-8361-C60885E84527}"
EndProject
Global
	GlobalSection(SolutionConfigurationPlatforms) = preSolution
		Debug|Any CPU = Debug|Any CPU
		Release|Any CPU = Release|Any CPU
	EndGlobalSection
	GlobalSection(ProjectConfigurationPlatforms) = postSolution
		{D7891C31-42C2-476B-8361-C60885E84527}.Debug|Any CPU.ActiveCfg = Debug|Any CPU
		{D7891C31-42C2-476B-8361-C60885E84527}.Debug|Any CPU.Build.0 = Debug|Any CPU
		{D7891C31-42C2-476B-8361-C60885E84527}.Release|Any CPU.ActiveCfg = Release|Any CPU
		{D7891C31-42C2-476B-8361-C60885E84527}.Release|Any CPU.Build.0 = Release|Any CPU
	EndGlobalSection
	GlobalSection(SolutionProperties) = preSolution
		HideSolutionNode = FALSE
	EndGlobalSection
EndGlobal
