
Microsoft Visual Studio Solution File, Format Version 12.00
# Visual Studio 2013
VisualStudioVersion = 12.0.30501.0
MinimumVisualStudioVersion = 10.0.40219.1
Project("{F2A71F9B-5D33-465A-A702-920D77279786}") = "Lists", "Lists\Lists.fsproj", "{D58B286A-39BA-492B-8479-C93777426D78}"
EndProject
Global
	GlobalSection(SolutionConfigurationPlatforms) = preSolution
		Debug|Any CPU = Debug|Any CPU
		Release|Any CPU = Release|Any CPU
	EndGlobalSection
	GlobalSection(ProjectConfigurationPlatforms) = postSolution
		{D58B286A-39BA-492B-8479-C93777426D78}.Debug|Any CPU.ActiveCfg = Debug|Any CPU
		{D58B286A-39BA-492B-8479-C93777426D78}.Debug|Any CPU.Build.0 = Debug|Any CPU
		{D58B286A-39BA-492B-8479-C93777426D78}.Release|Any CPU.ActiveCfg = Release|Any CPU
		{D58B286A-39BA-492B-8479-C93777426D78}.Release|Any CPU.Build.0 = Release|Any CPU
	EndGlobalSection
	GlobalSection(SolutionProperties) = preSolution
		HideSolutionNode = FALSE
	EndGlobalSection
EndGlobal
